{
  "nodes": {
    "devshell": {
      "inputs": {
        "flake-utils": "flake-utils",
        "nixpkgs": [
          "nixpkgs"
        ]
      },
      "locked": {
        "lastModified": 1717408969,
        "narHash": "sha256-Q0OEFqe35fZbbRPPRdrjTUUChKVhhWXz3T9ZSKmaoVY=",
        "owner": "numtide",
        "repo": "devshell",
        "rev": "1ebbe68d57457c8cae98145410b164b5477761f4",
        "type": "github"
      },
      "original": {
        "owner": "numtide",
        "repo": "devshell",
        "type": "github"
      }
    },
    "erosanix": {
      "inputs": {
        "flake-compat": "flake-compat",
        "nixpkgs": [
          "nixpkgs"
        ]
      },
      "locked": {
        "lastModified": 1718740891,
        "narHash": "sha256-geK4768Jmk4NPvFxxfn/RoEZ8wDWmvXZJ3luEtEQMEs=",
        "owner": "emmanuelrosa",
        "repo": "erosanix",
        "rev": "dd7b3c5f05bac9c018c08d62282c77140929d4ed",
        "type": "github"
      },
      "original": {
        "owner": "emmanuelrosa",
        "repo": "erosanix",
        "type": "github"
      }
    },
    "flake-compat": {
      "flake": false,
      "locked": {
        "lastModified": 1673956053,
        "narHash": "sha256-4gtG9iQuiKITOjNQQeQIpoIB6b16fm+504Ch3sNKLd8=",
        "owner": "edolstra",
        "repo": "flake-compat",
        "rev": "35bb57c0c8d8b62bbfd284272c928ceb64ddbde9",
        "type": "github"
      },
      "original": {
        "owner": "edolstra",
        "repo": "flake-compat",
        "type": "github"
      }
    },
    "flake-parts": {
      "inputs": {
        "nixpkgs-lib": [
          "nixpkgs"
        ]
      },
      "locked": {
        "lastModified": 1717285511,
        "narHash": "sha256-iKzJcpdXih14qYVcZ9QC9XuZYnPc6T8YImb6dX166kw=",
        "owner": "hercules-ci",
        "repo": "flake-parts",
        "rev": "2a55567fcf15b1b1c7ed712a2c6fadaec7412ea8",
        "type": "github"
      },
      "original": {
        "owner": "hercules-ci",
        "repo": "flake-parts",
        "type": "github"
      }
    },
    "flake-utils": {
      "inputs": {
        "systems": "systems"
      },
      "locked": {
        "lastModified": 1701680307,
        "narHash": "sha256-kAuep2h5ajznlPMD9rnQyffWG8EM/C73lejGofXvdM8=",
        "owner": "numtide",
        "repo": "flake-utils",
        "rev": "4022d587cbbfd70fe950c1e2083a02621806a725",
        "type": "github"
      },
      "original": {
        "owner": "numtide",
        "repo": "flake-utils",
        "type": "github"
      }
    },
    "logoslinuxinstaller": {
      "flake": false,
      "locked": {
        "lastModified": 1718496528,
        "narHash": "sha256-9sFuCpHQqMnnMkT2dImwzWPL3HxurjO9weJc6pv3vPc=",
        "owner": "FaithLife-Community",
        "repo": "LogosLinuxInstaller",
        "rev": "dc2ce026401af5ffaa1517c73923f06c8071d5a4",
        "type": "github"
      },
      "original": {
        "owner": "FaithLife-Community",
        "repo": "LogosLinuxInstaller",
        "type": "github"
      }
    },
    "nixpkgs": {
      "locked": {
        "lastModified": 1718606988,
        "narHash": "sha256-pmjP5ePc1jz+Okona3HxD7AYT0wbrCwm9bXAlj08nDM=",
        "owner": "NixOS",
        "repo": "nixpkgs",
        "rev": "38d3352a65ac9d621b0cd3074d3bef27199ff78f",
        "type": "github"
      },
      "original": {
        "owner": "NixOS",
        "ref": "nixpkgs-unstable",
        "repo": "nixpkgs",
        "type": "github"
      }
    },
    "root": {
      "inputs": {
        "devshell": "devshell",
        "erosanix": "erosanix",
        "flake-parts": "flake-parts",
        "logoslinuxinstaller": "logoslinuxinstaller",
        "nixpkgs": "nixpkgs"
      }
    },
    "systems": {
      "locked": {
        "lastModified": 1681028828,
        "narHash": "sha256-Vy1rq5AaRuLzOxct8nz4T6wlgyUR7zLU309k9mBC768=",
        "owner": "nix-systems",
        "repo": "default",
        "rev": "da67096a3b9bf56a91d16901293e51ba5b49a27e",
        "type": "github"
      },
      "original": {
        "owner": "nix-systems",
        "repo": "default",
        "type": "github"
      }
    }
  },
  "root": "root",
  "version": 7
}
